
Microsoft Visual Studio Solution File, Format Version 12.00
# Visual Studio Version 16
VisualStudioVersion = 16.0.31729.503
MinimumVisualStudioVersion = 10.0.40219.1
Project("{FAE04EC0-301F-11D3-BF4B-00C04F79EFBC}") = "Fulcro_api", "Fulcro_api\Fulcro_api.csproj", "{35EC1DDE-C85E-44FC-A677-3C7C80AEC6C1}"
EndProject
Global
	GlobalSection(SolutionConfigurationPlatforms) = preSolution
		Debug|Any CPU = Debug|Any CPU
		Release|Any CPU = Release|Any CPU
	EndGlobalSection
	GlobalSection(ProjectConfigurationPlatforms) = postSolution
		{35EC1DDE-C85E-44FC-A677-3C7C80AEC6C1}.Debug|Any CPU.ActiveCfg = Debug|Any CPU
		{35EC1DDE-C85E-44FC-A677-3C7C80AEC6C1}.Debug|Any CPU.Build.0 = Debug|Any CPU
		{35EC1DDE-C85E-44FC-A677-3C7C80AEC6C1}.Release|Any CPU.ActiveCfg = Release|Any CPU
		{35EC1DDE-C85E-44FC-A677-3C7C80AEC6C1}.Release|Any CPU.Build.0 = Release|Any CPU
	EndGlobalSection
	GlobalSection(SolutionProperties) = preSolution
		HideSolutionNode = FALSE
	EndGlobalSection
	GlobalSection(ExtensibilityGlobals) = postSolution
		SolutionGuid = {066E7E36-3C1A-4EE3-934D-D4A3C240C043}
	EndGlobalSection
EndGlobal
